
Microsoft Visual Studio Solution File, Format Version 12.00
# Visual Studio Version 16
VisualStudioVersion = 16.0.34114.132
MinimumVisualStudioVersion = 10.0.40219.1
Project("{FAE04EC0-301F-11D3-BF4B-00C04F79EFBC}") = "QuanLyThuChi", "QuanLyThuChi\QuanLyThuChi.csproj", "{58772C1B-2EDF-4204-8C4E-52D6A6176A7C}"
EndProject
Global
	GlobalSection(SolutionConfigurationPlatforms) = preSolution
		Debug|Any CPU = Debug|Any CPU
		Release|Any CPU = Release|Any CPU
	EndGlobalSection
	GlobalSection(ProjectConfigurationPlatforms) = postSolution
		{58772C1B-2EDF-4204-8C4E-52D6A6176A7C}.Debug|Any CPU.ActiveCfg = Debug|Any CPU
		{58772C1B-2EDF-4204-8C4E-52D6A6176A7C}.Debug|Any CPU.Build.0 = Debug|Any CPU
		{58772C1B-2EDF-4204-8C4E-52D6A6176A7C}.Release|Any CPU.ActiveCfg = Release|Any CPU
		{58772C1B-2EDF-4204-8C4E-52D6A6176A7C}.Release|Any CPU.Build.0 = Release|Any CPU
	EndGlobalSection
	GlobalSection(SolutionProperties) = preSolution
		HideSolutionNode = FALSE
	EndGlobalSection
	GlobalSection(ExtensibilityGlobals) = postSolution
		SolutionGuid = {7C1AC8B3-4AF1-495B-8690-7706A508D2E6}
	EndGlobalSection
EndGlobal
